// !$*UTF8*$!
{
	archiveVersion = 1;
	classes = {
	};
	objectVersion = 56;
	objects = {

/* Begin PBXBuildFile section */
		836F31422B25857B001F210E /* _SBER__ExchangeRatesApp.swift in Sources */ = {isa = PBXBuildFile; fileRef = 836F31412B25857B001F210E /* _SBER__ExchangeRatesApp.swift */; };
		836F31442B25857B001F210E /* ContentView.swift in Sources */ = {isa = PBXBuildFile; fileRef = 836F31432B25857B001F210E /* ContentView.swift */; };
		836F31462B25857F001F210E /* Assets.xcassets in Resources */ = {isa = PBXBuildFile; fileRef = 836F31452B25857F001F210E /* Assets.xcassets */; };
		836F31492B25857F001F210E /* Preview Assets.xcassets in Resources */ = {isa = PBXBuildFile; fileRef = 836F31482B25857F001F210E /* Preview Assets.xcassets */; };
		836F31582B25959C001F210E /* NetworkClient.swift in Sources */ = {isa = PBXBuildFile; fileRef = 836F31572B25959C001F210E /* NetworkClient.swift */; };
		836F315A2B259881001F210E /* HttpNetworkClient.swift in Sources */ = {isa = PBXBuildFile; fileRef = 836F31592B259881001F210E /* HttpNetworkClient.swift */; };
		836F315C2B259C74001F210E /* NetworkService.swift in Sources */ = {isa = PBXBuildFile; fileRef = 836F315B2B259C74001F210E /* NetworkService.swift */; };
		836F315F2B259D7E001F210E /* XMLCoder in Frameworks */ = {isa = PBXBuildFile; productRef = 836F315E2B259D7E001F210E /* XMLCoder */; };
		836F31612B25A202001F210E /* NetworkServiceDecoder.swift in Sources */ = {isa = PBXBuildFile; fileRef = 836F31602B25A202001F210E /* NetworkServiceDecoder.swift */; };
		836F31632B25A382001F210E /* XmlNetworkServiceDecoder.swift in Sources */ = {isa = PBXBuildFile; fileRef = 836F31622B25A382001F210E /* XmlNetworkServiceDecoder.swift */; };
		836F31662B25A400001F210E /* Currency.swift in Sources */ = {isa = PBXBuildFile; fileRef = 836F31652B25A400001F210E /* Currency.swift */; };
		836F31682B25A4C8001F210E /* ExchangeRate.swift in Sources */ = {isa = PBXBuildFile; fileRef = 836F31672B25A4C8001F210E /* ExchangeRate.swift */; };
		836F316A2B25A5A2001F210E /* ExchangeRatesRepository.swift in Sources */ = {isa = PBXBuildFile; fileRef = 836F31692B25A5A2001F210E /* ExchangeRatesRepository.swift */; };
		836F316D2B25A784001F210E /* ExchangeRatesRepositoryImpl.swift in Sources */ = {isa = PBXBuildFile; fileRef = 836F316C2B25A784001F210E /* ExchangeRatesRepositoryImpl.swift */; };
		836F316F2B25B3AE001F210E /* ExchangeRatesDto.swift in Sources */ = {isa = PBXBuildFile; fileRef = 836F316E2B25B3AE001F210E /* ExchangeRatesDto.swift */; };
		836F31722B25B5C4001F210E /* NetworkDto.swift in Sources */ = {isa = PBXBuildFile; fileRef = 836F31712B25B5C4001F210E /* NetworkDto.swift */; };
		836F31772B25B9A9001F210E /* Assembly.swift in Sources */ = {isa = PBXBuildFile; fileRef = 836F31762B25B9A9001F210E /* Assembly.swift */; };
		836F31792B25B9EB001F210E /* NetworkClientAssembly.swift in Sources */ = {isa = PBXBuildFile; fileRef = 836F31782B25B9EB001F210E /* NetworkClientAssembly.swift */; };
		836F317B2B25BB06001F210E /* NetworkServiceAssembly.swift in Sources */ = {isa = PBXBuildFile; fileRef = 836F317A2B25BB06001F210E /* NetworkServiceAssembly.swift */; };
		836F317D2B25BD6B001F210E /* ExchangeRatesRepositoryAssembly.swift in Sources */ = {isa = PBXBuildFile; fileRef = 836F317C2B25BD6B001F210E /* ExchangeRatesRepositoryAssembly.swift */; };
		836F31802B25DD11001F210E /* LaunchScreen.storyboard in Resources */ = {isa = PBXBuildFile; fileRef = 836F317F2B25DD10001F210E /* LaunchScreen.storyboard */; };
		836F31822B25E523001F210E /* AppLaunchScreen.swift in Sources */ = {isa = PBXBuildFile; fileRef = 836F31812B25E523001F210E /* AppLaunchScreen.swift */; };
		836F31842B25E595001F210E /* AppLaunchViewModel.swift in Sources */ = {isa = PBXBuildFile; fileRef = 836F31832B25E595001F210E /* AppLaunchViewModel.swift */; };
		836F31862B25E5BE001F210E /* AppLaunchOutput.swift in Sources */ = {isa = PBXBuildFile; fileRef = 836F31852B25E5BE001F210E /* AppLaunchOutput.swift */; };
		836F31882B25E89B001F210E /* AppLaunchScreenAssembly.swift in Sources */ = {isa = PBXBuildFile; fileRef = 836F31872B25E89B001F210E /* AppLaunchScreenAssembly.swift */; };
		836F318B2B25E8D3001F210E /* ScreenAssembly.swift in Sources */ = {isa = PBXBuildFile; fileRef = 836F318A2B25E8D3001F210E /* ScreenAssembly.swift */; };
		836F318E2B25EBF2001F210E /* MainCoordinator.swift in Sources */ = {isa = PBXBuildFile; fileRef = 836F318D2B25EBF2001F210E /* MainCoordinator.swift */; };
		836F31912B25F0BB001F210E /* Localizable.strings in Resources */ = {isa = PBXBuildFile; fileRef = 836F31902B25F0BB001F210E /* Localizable.strings */; };
/* End PBXBuildFile section */

/* Begin PBXFileReference section */
		836F313E2B25857B001F210E /* [SBER] ExchangeRates.app */ = {isa = PBXFileReference; explicitFileType = wrapper.application; includeInIndex = 0; path = "[SBER] ExchangeRates.app"; sourceTree = BUILT_PRODUCTS_DIR; };
		836F31412B25857B001F210E /* _SBER__ExchangeRatesApp.swift */ = {isa = PBXFileReference; lastKnownFileType = sourcecode.swift; path = _SBER__ExchangeRatesApp.swift; sourceTree = "<group>"; };
		836F31432B25857B001F210E /* ContentView.swift */ = {isa = PBXFileReference; lastKnownFileType = sourcecode.swift; path = ContentView.swift; sourceTree = "<group>"; };
		836F31452B25857F001F210E /* Assets.xcassets */ = {isa = PBXFileReference; lastKnownFileType = folder.assetcatalog; path = Assets.xcassets; sourceTree = "<group>"; };
		836F31482B25857F001F210E /* Preview Assets.xcassets */ = {isa = PBXFileReference; lastKnownFileType = folder.assetcatalog; path = "Preview Assets.xcassets"; sourceTree = "<group>"; };
		836F31572B25959C001F210E /* NetworkClient.swift */ = {isa = PBXFileReference; lastKnownFileType = sourcecode.swift; path = NetworkClient.swift; sourceTree = "<group>"; };
		836F31592B259881001F210E /* HttpNetworkClient.swift */ = {isa = PBXFileReference; lastKnownFileType = sourcecode.swift; path = HttpNetworkClient.swift; sourceTree = "<group>"; };
		836F315B2B259C74001F210E /* NetworkService.swift */ = {isa = PBXFileReference; lastKnownFileType = sourcecode.swift; path = NetworkService.swift; sourceTree = "<group>"; };
		836F31602B25A202001F210E /* NetworkServiceDecoder.swift */ = {isa = PBXFileReference; lastKnownFileType = sourcecode.swift; path = NetworkServiceDecoder.swift; sourceTree = "<group>"; };
		836F31622B25A382001F210E /* XmlNetworkServiceDecoder.swift */ = {isa = PBXFileReference; lastKnownFileType = sourcecode.swift; path = XmlNetworkServiceDecoder.swift; sourceTree = "<group>"; };
		836F31652B25A400001F210E /* Currency.swift */ = {isa = PBXFileReference; lastKnownFileType = sourcecode.swift; path = Currency.swift; sourceTree = "<group>"; };
		836F31672B25A4C8001F210E /* ExchangeRate.swift */ = {isa = PBXFileReference; lastKnownFileType = sourcecode.swift; path = ExchangeRate.swift; sourceTree = "<group>"; };
		836F31692B25A5A2001F210E /* ExchangeRatesRepository.swift */ = {isa = PBXFileReference; lastKnownFileType = sourcecode.swift; path = ExchangeRatesRepository.swift; sourceTree = "<group>"; };
		836F316C2B25A784001F210E /* ExchangeRatesRepositoryImpl.swift */ = {isa = PBXFileReference; lastKnownFileType = sourcecode.swift; path = ExchangeRatesRepositoryImpl.swift; sourceTree = "<group>"; };
		836F316E2B25B3AE001F210E /* ExchangeRatesDto.swift */ = {isa = PBXFileReference; lastKnownFileType = sourcecode.swift; path = ExchangeRatesDto.swift; sourceTree = "<group>"; };
		836F31712B25B5C4001F210E /* NetworkDto.swift */ = {isa = PBXFileReference; lastKnownFileType = sourcecode.swift; path = NetworkDto.swift; sourceTree = "<group>"; };
		836F31762B25B9A9001F210E /* Assembly.swift */ = {isa = PBXFileReference; lastKnownFileType = sourcecode.swift; path = Assembly.swift; sourceTree = "<group>"; };
		836F31782B25B9EB001F210E /* NetworkClientAssembly.swift */ = {isa = PBXFileReference; lastKnownFileType = sourcecode.swift; path = NetworkClientAssembly.swift; sourceTree = "<group>"; };
		836F317A2B25BB06001F210E /* NetworkServiceAssembly.swift */ = {isa = PBXFileReference; lastKnownFileType = sourcecode.swift; path = NetworkServiceAssembly.swift; sourceTree = "<group>"; };
		836F317C2B25BD6B001F210E /* ExchangeRatesRepositoryAssembly.swift */ = {isa = PBXFileReference; lastKnownFileType = sourcecode.swift; path = ExchangeRatesRepositoryAssembly.swift; sourceTree = "<group>"; };
		836F317F2B25DD10001F210E /* LaunchScreen.storyboard */ = {isa = PBXFileReference; lastKnownFileType = file.storyboard; path = LaunchScreen.storyboard; sourceTree = "<group>"; };
		836F31812B25E523001F210E /* AppLaunchScreen.swift */ = {isa = PBXFileReference; lastKnownFileType = sourcecode.swift; path = AppLaunchScreen.swift; sourceTree = "<group>"; };
		836F31832B25E595001F210E /* AppLaunchViewModel.swift */ = {isa = PBXFileReference; lastKnownFileType = sourcecode.swift; path = AppLaunchViewModel.swift; sourceTree = "<group>"; };
		836F31852B25E5BE001F210E /* AppLaunchOutput.swift */ = {isa = PBXFileReference; lastKnownFileType = sourcecode.swift; path = AppLaunchOutput.swift; sourceTree = "<group>"; };
		836F31872B25E89B001F210E /* AppLaunchScreenAssembly.swift */ = {isa = PBXFileReference; lastKnownFileType = sourcecode.swift; path = AppLaunchScreenAssembly.swift; sourceTree = "<group>"; };
		836F318A2B25E8D3001F210E /* ScreenAssembly.swift */ = {isa = PBXFileReference; lastKnownFileType = sourcecode.swift; path = ScreenAssembly.swift; sourceTree = "<group>"; };
		836F318D2B25EBF2001F210E /* MainCoordinator.swift */ = {isa = PBXFileReference; lastKnownFileType = sourcecode.swift; path = MainCoordinator.swift; sourceTree = "<group>"; };
		836F31902B25F0BB001F210E /* Localizable.strings */ = {isa = PBXFileReference; lastKnownFileType = text.plist.strings; path = Localizable.strings; sourceTree = "<group>"; };
/* End PBXFileReference section */

/* Begin PBXFrameworksBuildPhase section */
		836F313B2B25857B001F210E /* Frameworks */ = {
			isa = PBXFrameworksBuildPhase;
			buildActionMask = 2147483647;
			files = (
				836F315F2B259D7E001F210E /* XMLCoder in Frameworks */,
			);
			runOnlyForDeploymentPostprocessing = 0;
		};
/* End PBXFrameworksBuildPhase section */

/* Begin PBXGroup section */
		836F31352B25857B001F210E = {
			isa = PBXGroup;
			children = (
				836F31402B25857B001F210E /* [SBER] ExchangeRates */,
				836F313F2B25857B001F210E /* Products */,
			);
			sourceTree = "<group>";
		};
		836F313F2B25857B001F210E /* Products */ = {
			isa = PBXGroup;
			children = (
				836F313E2B25857B001F210E /* [SBER] ExchangeRates.app */,
			);
			name = Products;
			sourceTree = "<group>";
		};
		836F31402B25857B001F210E /* [SBER] ExchangeRates */ = {
			isa = PBXGroup;
			children = (
				836F318C2B25EBCF001F210E /* Coordinators */,
				836F31552B259581001F210E /* Core */,
				836F31522B25943E001F210E /* Modules */,
				836F318F2B25F02B001F210E /* Resources */,
				836F31412B25857B001F210E /* _SBER__ExchangeRatesApp.swift */,
				836F31432B25857B001F210E /* ContentView.swift */,
				836F31472B25857F001F210E /* Preview Content */,
			);
			path = "[SBER] ExchangeRates";
			sourceTree = "<group>";
		};
		836F31472B25857F001F210E /* Preview Content */ = {
			isa = PBXGroup;
			children = (
				836F31482B25857F001F210E /* Preview Assets.xcassets */,
			);
			path = "Preview Content";
			sourceTree = "<group>";
		};
		836F31522B25943E001F210E /* Modules */ = {
			isa = PBXGroup;
			children = (
				836F317E2B25DC6A001F210E /* AppLaunch */,
				836F31532B2594A4001F210E /* ExchangeRates */,
			);
			path = Modules;
			sourceTree = "<group>";
		};
		836F31532B2594A4001F210E /* ExchangeRates */ = {
			isa = PBXGroup;
			children = (
				836F316B2B25A768001F210E /* Data */,
			);
			path = ExchangeRates;
			sourceTree = "<group>";
		};
		836F31542B2594F8001F210E /* Domain */ = {
			isa = PBXGroup;
			children = (
				836F31642B25A3D3001F210E /* ExchangeRates */,
				836F31652B25A400001F210E /* Currency.swift */,
			);
			path = Domain;
			sourceTree = "<group>";
		};
		836F31552B259581001F210E /* Core */ = {
			isa = PBXGroup;
			children = (
				836F31752B25B90F001F210E /* Assemblies */,
				836F31542B2594F8001F210E /* Domain */,
				836F31562B25958A001F210E /* Network */,
			);
			path = Core;
			sourceTree = "<group>";
		};
		836F31562B25958A001F210E /* Network */ = {
			isa = PBXGroup;
			children = (
				836F31732B25B875001F210E /* Clients */,
				836F31742B25B88C001F210E /* Services */,
			);
			path = Network;
			sourceTree = "<group>";
		};
		836F31642B25A3D3001F210E /* ExchangeRates */ = {
			isa = PBXGroup;
			children = (
				836F31672B25A4C8001F210E /* ExchangeRate.swift */,
				836F31692B25A5A2001F210E /* ExchangeRatesRepository.swift */,
			);
			path = ExchangeRates;
			sourceTree = "<group>";
		};
		836F316B2B25A768001F210E /* Data */ = {
			isa = PBXGroup;
			children = (
				836F316C2B25A784001F210E /* ExchangeRatesRepositoryImpl.swift */,
				836F316E2B25B3AE001F210E /* ExchangeRatesDto.swift */,
				836F317C2B25BD6B001F210E /* ExchangeRatesRepositoryAssembly.swift */,
			);
			path = Data;
			sourceTree = "<group>";
		};
		836F31732B25B875001F210E /* Clients */ = {
			isa = PBXGroup;
			children = (
				836F31572B25959C001F210E /* NetworkClient.swift */,
				836F31592B259881001F210E /* HttpNetworkClient.swift */,
				836F31782B25B9EB001F210E /* NetworkClientAssembly.swift */,
			);
			path = Clients;
			sourceTree = "<group>";
		};
		836F31742B25B88C001F210E /* Services */ = {
			isa = PBXGroup;
			children = (
				836F315B2B259C74001F210E /* NetworkService.swift */,
				836F31712B25B5C4001F210E /* NetworkDto.swift */,
				836F31602B25A202001F210E /* NetworkServiceDecoder.swift */,
				836F31622B25A382001F210E /* XmlNetworkServiceDecoder.swift */,
				836F317A2B25BB06001F210E /* NetworkServiceAssembly.swift */,
			);
			path = Services;
			sourceTree = "<group>";
		};
		836F31752B25B90F001F210E /* Assemblies */ = {
			isa = PBXGroup;
			children = (
				836F31762B25B9A9001F210E /* Assembly.swift */,
				836F318A2B25E8D3001F210E /* ScreenAssembly.swift */,
			);
			path = Assemblies;
			sourceTree = "<group>";
		};
		836F317E2B25DC6A001F210E /* AppLaunch */ = {
			isa = PBXGroup;
			children = (
				836F31852B25E5BE001F210E /* AppLaunchOutput.swift */,
				836F31832B25E595001F210E /* AppLaunchViewModel.swift */,
				836F31812B25E523001F210E /* AppLaunchScreen.swift */,
				836F317F2B25DD10001F210E /* LaunchScreen.storyboard */,
				836F31872B25E89B001F210E /* AppLaunchScreenAssembly.swift */,
			);
			path = AppLaunch;
			sourceTree = "<group>";
		};
		836F318C2B25EBCF001F210E /* Coordinators */ = {
			isa = PBXGroup;
			children = (
				836F318D2B25EBF2001F210E /* MainCoordinator.swift */,
			);
			path = Coordinators;
			sourceTree = "<group>";
		};
		836F318F2B25F02B001F210E /* Resources */ = {
			isa = PBXGroup;
			children = (
				836F31452B25857F001F210E /* Assets.xcassets */,
				836F31902B25F0BB001F210E /* Localizable.strings */,
			);
			path = Resources;
			sourceTree = "<group>";
		};
/* End PBXGroup section */

/* Begin PBXNativeTarget section */
		836F313D2B25857B001F210E /* [SBER] ExchangeRates */ = {
			isa = PBXNativeTarget;
			buildConfigurationList = 836F314C2B25857F001F210E /* Build configuration list for PBXNativeTarget "[SBER] ExchangeRates" */;
			buildPhases = (
				836F31512B25889C001F210E /* SwiftLint */,
				836F313A2B25857B001F210E /* Sources */,
				836F313B2B25857B001F210E /* Frameworks */,
				836F313C2B25857B001F210E /* Resources */,
			);
			buildRules = (
			);
			dependencies = (
			);
			name = "[SBER] ExchangeRates";
			packageProductDependencies = (
				836F315E2B259D7E001F210E /* XMLCoder */,
			);
			productName = "[SBER] ExchangeRates";
			productReference = 836F313E2B25857B001F210E /* [SBER] ExchangeRates.app */;
			productType = "com.apple.product-type.application";
		};
/* End PBXNativeTarget section */

/* Begin PBXProject section */
		836F31362B25857B001F210E /* Project object */ = {
			isa = PBXProject;
			attributes = {
				BuildIndependentTargetsInParallel = 1;
				LastSwiftUpdateCheck = 1430;
				LastUpgradeCheck = 1430;
				TargetAttributes = {
					836F313D2B25857B001F210E = {
						CreatedOnToolsVersion = 14.3.1;
					};
				};
			};
			buildConfigurationList = 836F31392B25857B001F210E /* Build configuration list for PBXProject "[SBER] ExchangeRates" */;
			compatibilityVersion = "Xcode 14.0";
			developmentRegion = en;
			hasScannedForEncodings = 0;
			knownRegions = (
				en,
				Base,
			);
			mainGroup = 836F31352B25857B001F210E;
			packageReferences = (
				836F315D2B259D7E001F210E /* XCRemoteSwiftPackageReference "XMLCoder" */,
			);
			productRefGroup = 836F313F2B25857B001F210E /* Products */;
			projectDirPath = "";
			projectRoot = "";
			targets = (
				836F313D2B25857B001F210E /* [SBER] ExchangeRates */,
			);
		};
/* End PBXProject section */

/* Begin PBXResourcesBuildPhase section */
		836F313C2B25857B001F210E /* Resources */ = {
			isa = PBXResourcesBuildPhase;
			buildActionMask = 2147483647;
			files = (
				836F31802B25DD11001F210E /* LaunchScreen.storyboard in Resources */,
				836F31912B25F0BB001F210E /* Localizable.strings in Resources */,
				836F31492B25857F001F210E /* Preview Assets.xcassets in Resources */,
				836F31462B25857F001F210E /* Assets.xcassets in Resources */,
			);
			runOnlyForDeploymentPostprocessing = 0;
		};
/* End PBXResourcesBuildPhase section */

/* Begin PBXShellScriptBuildPhase section */
		836F31512B25889C001F210E /* SwiftLint */ = {
			isa = PBXShellScriptBuildPhase;
			alwaysOutOfDate = 1;
			buildActionMask = 2147483647;
			files = (
			);
			inputFileListPaths = (
			);
			inputPaths = (
			);
			name = SwiftLint;
			outputFileListPaths = (
			);
			outputPaths = (
			);
			runOnlyForDeploymentPostprocessing = 0;
			shellPath = /bin/sh;
			shellScript = "if [[ \"$(uname -m)\" == arm64 ]]; then\n    export PATH=\"/opt/homebrew/bin:$PATH\"\nfi\n\nif which swiftlint > /dev/null; then\n  swiftlint\nelse\n  echo \"warning: SwiftLint not installed, download from https://github.com/realm/SwiftLint\"\nfi\n";
		};
/* End PBXShellScriptBuildPhase section */

/* Begin PBXSourcesBuildPhase section */
		836F313A2B25857B001F210E /* Sources */ = {
			isa = PBXSourcesBuildPhase;
			buildActionMask = 2147483647;
			files = (
				836F315C2B259C74001F210E /* NetworkService.swift in Sources */,
				836F316D2B25A784001F210E /* ExchangeRatesRepositoryImpl.swift in Sources */,
				836F31882B25E89B001F210E /* AppLaunchScreenAssembly.swift in Sources */,
				836F31822B25E523001F210E /* AppLaunchScreen.swift in Sources */,
				836F317B2B25BB06001F210E /* NetworkServiceAssembly.swift in Sources */,
				836F31612B25A202001F210E /* NetworkServiceDecoder.swift in Sources */,
				836F31862B25E5BE001F210E /* AppLaunchOutput.swift in Sources */,
				836F31772B25B9A9001F210E /* Assembly.swift in Sources */,
				836F318E2B25EBF2001F210E /* MainCoordinator.swift in Sources */,
				836F31842B25E595001F210E /* AppLaunchViewModel.swift in Sources */,
				836F318B2B25E8D3001F210E /* ScreenAssembly.swift in Sources */,
				836F316A2B25A5A2001F210E /* ExchangeRatesRepository.swift in Sources */,
				836F317D2B25BD6B001F210E /* ExchangeRatesRepositoryAssembly.swift in Sources */,
				836F31442B25857B001F210E /* ContentView.swift in Sources */,
				836F315A2B259881001F210E /* HttpNetworkClient.swift in Sources */,
				836F31792B25B9EB001F210E /* NetworkClientAssembly.swift in Sources */,
				836F31662B25A400001F210E /* Currency.swift in Sources */,
				836F31422B25857B001F210E /* _SBER__ExchangeRatesApp.swift in Sources */,
				836F31582B25959C001F210E /* NetworkClient.swift in Sources */,
				836F31682B25A4C8001F210E /* ExchangeRate.swift in Sources */,
				836F31722B25B5C4001F210E /* NetworkDto.swift in Sources */,
				836F316F2B25B3AE001F210E /* ExchangeRatesDto.swift in Sources */,
				836F31632B25A382001F210E /* XmlNetworkServiceDecoder.swift in Sources */,
			);
			runOnlyForDeploymentPostprocessing = 0;
		};
/* End PBXSourcesBuildPhase section */

/* Begin XCBuildConfiguration section */
		836F314A2B25857F001F210E /* Debug */ = {
			isa = XCBuildConfiguration;
			buildSettings = {
				ALWAYS_SEARCH_USER_PATHS = NO;
				CLANG_ANALYZER_NONNULL = YES;
				CLANG_ANALYZER_NUMBER_OBJECT_CONVERSION = YES_AGGRESSIVE;
				CLANG_CXX_LANGUAGE_STANDARD = "gnu++20";
				CLANG_ENABLE_MODULES = YES;
				CLANG_ENABLE_OBJC_ARC = YES;
				CLANG_ENABLE_OBJC_WEAK = YES;
				CLANG_WARN_BLOCK_CAPTURE_AUTORELEASING = YES;
				CLANG_WARN_BOOL_CONVERSION = YES;
				CLANG_WARN_COMMA = YES;
				CLANG_WARN_CONSTANT_CONVERSION = YES;
				CLANG_WARN_DEPRECATED_OBJC_IMPLEMENTATIONS = YES;
				CLANG_WARN_DIRECT_OBJC_ISA_USAGE = YES_ERROR;
				CLANG_WARN_DOCUMENTATION_COMMENTS = YES;
				CLANG_WARN_EMPTY_BODY = YES;
				CLANG_WARN_ENUM_CONVERSION = YES;
				CLANG_WARN_INFINITE_RECURSION = YES;
				CLANG_WARN_INT_CONVERSION = YES;
				CLANG_WARN_NON_LITERAL_NULL_CONVERSION = YES;
				CLANG_WARN_OBJC_IMPLICIT_RETAIN_SELF = YES;
				CLANG_WARN_OBJC_LITERAL_CONVERSION = YES;
				CLANG_WARN_OBJC_ROOT_CLASS = YES_ERROR;
				CLANG_WARN_QUOTED_INCLUDE_IN_FRAMEWORK_HEADER = YES;
				CLANG_WARN_RANGE_LOOP_ANALYSIS = YES;
				CLANG_WARN_STRICT_PROTOTYPES = YES;
				CLANG_WARN_SUSPICIOUS_MOVE = YES;
				CLANG_WARN_UNGUARDED_AVAILABILITY = YES_AGGRESSIVE;
				CLANG_WARN_UNREACHABLE_CODE = YES;
				CLANG_WARN__DUPLICATE_METHOD_MATCH = YES;
				COPY_PHASE_STRIP = NO;
				DEBUG_INFORMATION_FORMAT = dwarf;
				ENABLE_STRICT_OBJC_MSGSEND = YES;
				ENABLE_TESTABILITY = YES;
				GCC_C_LANGUAGE_STANDARD = gnu11;
				GCC_DYNAMIC_NO_PIC = NO;
				GCC_NO_COMMON_BLOCKS = YES;
				GCC_OPTIMIZATION_LEVEL = 0;
				GCC_PREPROCESSOR_DEFINITIONS = (
					"DEBUG=1",
					"$(inherited)",
				);
				GCC_WARN_64_TO_32_BIT_CONVERSION = YES;
				GCC_WARN_ABOUT_RETURN_TYPE = YES_ERROR;
				GCC_WARN_UNDECLARED_SELECTOR = YES;
				GCC_WARN_UNINITIALIZED_AUTOS = YES_AGGRESSIVE;
				GCC_WARN_UNUSED_FUNCTION = YES;
				GCC_WARN_UNUSED_VARIABLE = YES;
				IPHONEOS_DEPLOYMENT_TARGET = 16.4;
				MTL_ENABLE_DEBUG_INFO = INCLUDE_SOURCE;
				MTL_FAST_MATH = YES;
				ONLY_ACTIVE_ARCH = YES;
				SDKROOT = iphoneos;
				SWIFT_ACTIVE_COMPILATION_CONDITIONS = DEBUG;
				SWIFT_OPTIMIZATION_LEVEL = "-Onone";
			};
			name = Debug;
		};
		836F314B2B25857F001F210E /* Release */ = {
			isa = XCBuildConfiguration;
			buildSettings = {
				ALWAYS_SEARCH_USER_PATHS = NO;
				CLANG_ANALYZER_NONNULL = YES;
				CLANG_ANALYZER_NUMBER_OBJECT_CONVERSION = YES_AGGRESSIVE;
				CLANG_CXX_LANGUAGE_STANDARD = "gnu++20";
				CLANG_ENABLE_MODULES = YES;
				CLANG_ENABLE_OBJC_ARC = YES;
				CLANG_ENABLE_OBJC_WEAK = YES;
				CLANG_WARN_BLOCK_CAPTURE_AUTORELEASING = YES;
				CLANG_WARN_BOOL_CONVERSION = YES;
				CLANG_WARN_COMMA = YES;
				CLANG_WARN_CONSTANT_CONVERSION = YES;
				CLANG_WARN_DEPRECATED_OBJC_IMPLEMENTATIONS = YES;
				CLANG_WARN_DIRECT_OBJC_ISA_USAGE = YES_ERROR;
				CLANG_WARN_DOCUMENTATION_COMMENTS = YES;
				CLANG_WARN_EMPTY_BODY = YES;
				CLANG_WARN_ENUM_CONVERSION = YES;
				CLANG_WARN_INFINITE_RECURSION = YES;
				CLANG_WARN_INT_CONVERSION = YES;
				CLANG_WARN_NON_LITERAL_NULL_CONVERSION = YES;
				CLANG_WARN_OBJC_IMPLICIT_RETAIN_SELF = YES;
				CLANG_WARN_OBJC_LITERAL_CONVERSION = YES;
				CLANG_WARN_OBJC_ROOT_CLASS = YES_ERROR;
				CLANG_WARN_QUOTED_INCLUDE_IN_FRAMEWORK_HEADER = YES;
				CLANG_WARN_RANGE_LOOP_ANALYSIS = YES;
				CLANG_WARN_STRICT_PROTOTYPES = YES;
				CLANG_WARN_SUSPICIOUS_MOVE = YES;
				CLANG_WARN_UNGUARDED_AVAILABILITY = YES_AGGRESSIVE;
				CLANG_WARN_UNREACHABLE_CODE = YES;
				CLANG_WARN__DUPLICATE_METHOD_MATCH = YES;
				COPY_PHASE_STRIP = NO;
				DEBUG_INFORMATION_FORMAT = "dwarf-with-dsym";
				ENABLE_NS_ASSERTIONS = NO;
				ENABLE_STRICT_OBJC_MSGSEND = YES;
				GCC_C_LANGUAGE_STANDARD = gnu11;
				GCC_NO_COMMON_BLOCKS = YES;
				GCC_WARN_64_TO_32_BIT_CONVERSION = YES;
				GCC_WARN_ABOUT_RETURN_TYPE = YES_ERROR;
				GCC_WARN_UNDECLARED_SELECTOR = YES;
				GCC_WARN_UNINITIALIZED_AUTOS = YES_AGGRESSIVE;
				GCC_WARN_UNUSED_FUNCTION = YES;
				GCC_WARN_UNUSED_VARIABLE = YES;
				IPHONEOS_DEPLOYMENT_TARGET = 16.4;
				MTL_ENABLE_DEBUG_INFO = NO;
				MTL_FAST_MATH = YES;
				SDKROOT = iphoneos;
				SWIFT_COMPILATION_MODE = wholemodule;
				SWIFT_OPTIMIZATION_LEVEL = "-O";
				VALIDATE_PRODUCT = YES;
			};
			name = Release;
		};
		836F314D2B25857F001F210E /* Debug */ = {
			isa = XCBuildConfiguration;
			buildSettings = {
				ASSETCATALOG_COMPILER_APPICON_NAME = AppIcon;
				ASSETCATALOG_COMPILER_GLOBAL_ACCENT_COLOR_NAME = AccentColor;
				CODE_SIGN_STYLE = Automatic;
				CURRENT_PROJECT_VERSION = 1;
				DEVELOPMENT_ASSET_PATHS = "\"[SBER] ExchangeRates/Preview Content\"";
				DEVELOPMENT_TEAM = 3TNZ35SGHD;
				ENABLE_PREVIEWS = YES;
				GENERATE_INFOPLIST_FILE = YES;
				INFOPLIST_KEY_CFBundleDisplayName = "ЦБ Курс";
				INFOPLIST_KEY_LSApplicationCategoryType = "public.app-category.finance";
				INFOPLIST_KEY_UIApplicationSceneManifest_Generation = YES;
				INFOPLIST_KEY_UIApplicationSupportsIndirectInputEvents = YES;
				INFOPLIST_KEY_UILaunchScreen_Generation = YES;
				INFOPLIST_KEY_UILaunchStoryboardName = LaunchScreen.storyboard;
				INFOPLIST_KEY_UISupportedInterfaceOrientations = UIInterfaceOrientationPortrait;
				INFOPLIST_KEY_UISupportedInterfaceOrientations_iPad = "UIInterfaceOrientationLandscapeLeft UIInterfaceOrientationLandscapeRight UIInterfaceOrientationPortrait UIInterfaceOrientationPortraitUpsideDown";
				IPHONEOS_DEPLOYMENT_TARGET = 16.0;
				LD_RUNPATH_SEARCH_PATHS = (
					"$(inherited)",
					"@executable_path/Frameworks",
				);
				MARKETING_VERSION = 0.1;
				PRODUCT_BUNDLE_IDENTIFIER = "DG.-SBER--ExchangeRates";
				PRODUCT_NAME = "$(TARGET_NAME)";
				SUPPORTED_PLATFORMS = "iphoneos iphonesimulator";
				SUPPORTS_MACCATALYST = NO;
				SUPPORTS_MAC_DESIGNED_FOR_IPHONE_IPAD = NO;
				SWIFT_EMIT_LOC_STRINGS = YES;
				SWIFT_VERSION = 5.0;
				TARGETED_DEVICE_FAMILY = 1;
			};
			name = Debug;
		};
		836F314E2B25857F001F210E /* Release */ = {
			isa = XCBuildConfiguration;
			buildSettings = {
				ASSETCATALOG_COMPILER_APPICON_NAME = AppIcon;
				ASSETCATALOG_COMPILER_GLOBAL_ACCENT_COLOR_NAME = AccentColor;
				CODE_SIGN_STYLE = Automatic;
				CURRENT_PROJECT_VERSION = 1;
				DEVELOPMENT_ASSET_PATHS = "\"[SBER] ExchangeRates/Preview Content\"";
				DEVELOPMENT_TEAM = 3TNZ35SGHD;
				ENABLE_PREVIEWS = YES;
				GENERATE_INFOPLIST_FILE = YES;
				INFOPLIST_KEY_CFBundleDisplayName = "ЦБ Курс";
				INFOPLIST_KEY_LSApplicationCategoryType = "public.app-category.finance";
				INFOPLIST_KEY_UIApplicationSceneManifest_Generation = YES;
				INFOPLIST_KEY_UIApplicationSupportsIndirectInputEvents = YES;
				INFOPLIST_KEY_UILaunchScreen_Generation = YES;
				INFOPLIST_KEY_UILaunchStoryboardName = LaunchScreen.storyboard;
				INFOPLIST_KEY_UISupportedInterfaceOrientations = UIInterfaceOrientationPortrait;
				INFOPLIST_KEY_UISupportedInterfaceOrientations_iPad = "UIInterfaceOrientationLandscapeLeft UIInterfaceOrientationLandscapeRight UIInterfaceOrientationPortrait UIInterfaceOrientationPortraitUpsideDown";
				IPHONEOS_DEPLOYMENT_TARGET = 16.0;
				LD_RUNPATH_SEARCH_PATHS = (
					"$(inherited)",
					"@executable_path/Frameworks",
				);
				MARKETING_VERSION = 0.1;
				PRODUCT_BUNDLE_IDENTIFIER = "DG.-SBER--ExchangeRates";
				PRODUCT_NAME = "$(TARGET_NAME)";
				SUPPORTED_PLATFORMS = "iphoneos iphonesimulator";
				SUPPORTS_MACCATALYST = NO;
				SUPPORTS_MAC_DESIGNED_FOR_IPHONE_IPAD = NO;
				SWIFT_EMIT_LOC_STRINGS = YES;
				SWIFT_VERSION = 5.0;
				TARGETED_DEVICE_FAMILY = 1;
			};
			name = Release;
		};
/* End XCBuildConfiguration section */

/* Begin XCConfigurationList section */
		836F31392B25857B001F210E /* Build configuration list for PBXProject "[SBER] ExchangeRates" */ = {
			isa = XCConfigurationList;
			buildConfigurations = (
				836F314A2B25857F001F210E /* Debug */,
				836F314B2B25857F001F210E /* Release */,
			);
			defaultConfigurationIsVisible = 0;
			defaultConfigurationName = Release;
		};
		836F314C2B25857F001F210E /* Build configuration list for PBXNativeTarget "[SBER] ExchangeRates" */ = {
			isa = XCConfigurationList;
			buildConfigurations = (
				836F314D2B25857F001F210E /* Debug */,
				836F314E2B25857F001F210E /* Release */,
			);
			defaultConfigurationIsVisible = 0;
			defaultConfigurationName = Release;
		};
/* End XCConfigurationList section */

/* Begin XCRemoteSwiftPackageReference section */
		836F315D2B259D7E001F210E /* XCRemoteSwiftPackageReference "XMLCoder" */ = {
			isa = XCRemoteSwiftPackageReference;
			repositoryURL = "https://github.com/CoreOffice/XMLCoder";
			requirement = {
				kind = exactVersion;
				version = 0.17.1;
			};
		};
/* End XCRemoteSwiftPackageReference section */

/* Begin XCSwiftPackageProductDependency section */
		836F315E2B259D7E001F210E /* XMLCoder */ = {
			isa = XCSwiftPackageProductDependency;
			package = 836F315D2B259D7E001F210E /* XCRemoteSwiftPackageReference "XMLCoder" */;
			productName = XMLCoder;
		};
/* End XCSwiftPackageProductDependency section */
	};
	rootObject = 836F31362B25857B001F210E /* Project object */;
}
